
Microsoft Visual Studio Solution File, Format Version 12.00
# Visual Studio Version 17
VisualStudioVersion = 17.2.32630.192
MinimumVisualStudioVersion = 10.0.40219.1
Project("{FAE04EC0-301F-11D3-BF4B-00C04F79EFBC}") = "ApiPruebaHits", "ApiPruebaHits\ApiPruebaHits.csproj", "{4F335303-D258-4631-AD89-CABC4246345C}"
EndProject
Project("{FAE04EC0-301F-11D3-BF4B-00C04F79EFBC}") = "DataLayer", "DataLayer\DataLayer.csproj", "{A766A6EE-72A4-4748-9266-C2E5176F17A0}"
EndProject
Project("{FAE04EC0-301F-11D3-BF4B-00C04F79EFBC}") = "DataObjects", "DataObjects\DataObjects.csproj", "{BE042CA9-87F6-48CA-826D-D032CECF9B5A}"
EndProject
Project("{FAE04EC0-301F-11D3-BF4B-00C04F79EFBC}") = "BusinessLogic", "BusinessLogic\BusinessLogic.csproj", "{915B14ED-9BD7-4007-B0F7-4464B893DEC2}"
EndProject
Global
	GlobalSection(SolutionConfigurationPlatforms) = preSolution
		Debug|Any CPU = Debug|Any CPU
		Release|Any CPU = Release|Any CPU
	EndGlobalSection
	GlobalSection(ProjectConfigurationPlatforms) = postSolution
		{4F335303-D258-4631-AD89-CABC4246345C}.Debug|Any CPU.ActiveCfg = Debug|Any CPU
		{4F335303-D258-4631-AD89-CABC4246345C}.Debug|Any CPU.Build.0 = Debug|Any CPU
		{4F335303-D258-4631-AD89-CABC4246345C}.Release|Any CPU.ActiveCfg = Release|Any CPU
		{4F335303-D258-4631-AD89-CABC4246345C}.Release|Any CPU.Build.0 = Release|Any CPU
		{A766A6EE-72A4-4748-9266-C2E5176F17A0}.Debug|Any CPU.ActiveCfg = Debug|Any CPU
		{A766A6EE-72A4-4748-9266-C2E5176F17A0}.Debug|Any CPU.Build.0 = Debug|Any CPU
		{A766A6EE-72A4-4748-9266-C2E5176F17A0}.Release|Any CPU.ActiveCfg = Release|Any CPU
		{A766A6EE-72A4-4748-9266-C2E5176F17A0}.Release|Any CPU.Build.0 = Release|Any CPU
		{BE042CA9-87F6-48CA-826D-D032CECF9B5A}.Debug|Any CPU.ActiveCfg = Debug|Any CPU
		{BE042CA9-87F6-48CA-826D-D032CECF9B5A}.Debug|Any CPU.Build.0 = Debug|Any CPU
		{BE042CA9-87F6-48CA-826D-D032CECF9B5A}.Release|Any CPU.ActiveCfg = Release|Any CPU
		{BE042CA9-87F6-48CA-826D-D032CECF9B5A}.Release|Any CPU.Build.0 = Release|Any CPU
		{915B14ED-9BD7-4007-B0F7-4464B893DEC2}.Debug|Any CPU.ActiveCfg = Debug|Any CPU
		{915B14ED-9BD7-4007-B0F7-4464B893DEC2}.Debug|Any CPU.Build.0 = Debug|Any CPU
		{915B14ED-9BD7-4007-B0F7-4464B893DEC2}.Release|Any CPU.ActiveCfg = Release|Any CPU
		{915B14ED-9BD7-4007-B0F7-4464B893DEC2}.Release|Any CPU.Build.0 = Release|Any CPU
	EndGlobalSection
	GlobalSection(SolutionProperties) = preSolution
		HideSolutionNode = FALSE
	EndGlobalSection
	GlobalSection(ExtensibilityGlobals) = postSolution
		SolutionGuid = {B627D7E1-7CAF-4F61-A2EF-02B524623354}
	EndGlobalSection
EndGlobal
